
Microsoft Visual Studio Solution File, Format Version 12.00
# Visual Studio Version 17
VisualStudioVersion = 17.10.34916.146
MinimumVisualStudioVersion = 10.0.40219.1
Project("{FAE04EC0-301F-11D3-BF4B-00C04F79EFBC}") = "HouseRatingApp", "HouseRatingApp\HouseRatingApp.csproj", "{97E6273A-B9CC-40FE-856F-91806E5A7AC8}"
EndProject
Global
	GlobalSection(SolutionConfigurationPlatforms) = preSolution
		Debug|Any CPU = Debug|Any CPU
		Release|Any CPU = Release|Any CPU
	EndGlobalSection
	GlobalSection(ProjectConfigurationPlatforms) = postSolution
		{97E6273A-B9CC-40FE-856F-91806E5A7AC8}.Debug|Any CPU.ActiveCfg = Debug|Any CPU
		{97E6273A-B9CC-40FE-856F-91806E5A7AC8}.Debug|Any CPU.Build.0 = Debug|Any CPU
		{97E6273A-B9CC-40FE-856F-91806E5A7AC8}.Release|Any CPU.ActiveCfg = Release|Any CPU
		{97E6273A-B9CC-40FE-856F-91806E5A7AC8}.Release|Any CPU.Build.0 = Release|Any CPU
	EndGlobalSection
	GlobalSection(SolutionProperties) = preSolution
		HideSolutionNode = FALSE
	EndGlobalSection
	GlobalSection(ExtensibilityGlobals) = postSolution
		SolutionGuid = {1254DA8A-CA38-4486-A980-FD6D9A7D7CBD}
	EndGlobalSection
EndGlobal
